
Microsoft Visual Studio Solution File, Format Version 12.00
# Visual Studio 2013
VisualStudioVersion = 12.0.21005.1
MinimumVisualStudioVersion = 10.0.40219.1
Project("{159641D6-6404-4A2A-AE62-294DE0FE8301}") = "MsbiCiCommonUtilities", "MsbiCiCommonUtilities\MsbiCiCommonUtilities.dtproj", "{CC95B4AD-DF67-4FC8-BD99-6292C91BAF08}"
EndProject
Global
	GlobalSection(TeamFoundationVersionControl) = preSolution
		SccNumberOfProjects = 2
		SccEnterpriseProvider = {4CA58AB2-18FA-4F8D-95D4-32DDF27D184C}
		SccTeamFoundationServer = http://tfs:8080/tfs/bhwdevelopment
		SccLocalPath0 = .
		SccProjectUniqueName1 = MsbiCiCommonUtilities\\MsbiCiCommonUtilities.dtproj
		SccProjectName1 = MsbiCiCommonUtilities
		SccLocalPath1 = MsbiCiCommonUtilities
	EndGlobalSection
	GlobalSection(SolutionConfigurationPlatforms) = preSolution
		Development|Default = Development|Default
		OdiScm|Default = OdiScm|Default
	EndGlobalSection
	GlobalSection(ProjectConfigurationPlatforms) = postSolution
		{CC95B4AD-DF67-4FC8-BD99-6292C91BAF08}.Development|Default.ActiveCfg = Development
		{CC95B4AD-DF67-4FC8-BD99-6292C91BAF08}.Development|Default.Build.0 = Development
		{CC95B4AD-DF67-4FC8-BD99-6292C91BAF08}.OdiScm|Default.ActiveCfg = OdiScm
		{CC95B4AD-DF67-4FC8-BD99-6292C91BAF08}.OdiScm|Default.Build.0 = OdiScm
	EndGlobalSection
	GlobalSection(SolutionProperties) = preSolution
		HideSolutionNode = FALSE
	EndGlobalSection
EndGlobal
